
Microsoft Visual Studio Solution File, Format Version 12.00
# Visual Studio 2017
Project("{FAE04EC0-301F-11D3-BF4B-00C04F79EFBC}") = "Augmented", "Augmented.csproj", "{DF326D40-4FF3-5882-5E3B-12CAB8578FC7}"
EndProject
Project("{FAE04EC0-301F-11D3-BF4B-00C04F79EFBC}") = "Augmented.Editor", "Augmented.Editor.csproj", "{888432FE-7688-7F5F-2216-ACAC998BCB4D}"
EndProject
Global
	GlobalSection(SolutionConfigurationPlatforms) = preSolution
		Debug|Any CPU = Debug|Any CPU
		Release|Any CPU = Release|Any CPU
	EndGlobalSection
	GlobalSection(ProjectConfigurationPlatforms) = postSolution
		{DF326D40-4FF3-5882-5E3B-12CAB8578FC7}.Debug|Any CPU.ActiveCfg = Debug|Any CPU
		{DF326D40-4FF3-5882-5E3B-12CAB8578FC7}.Debug|Any CPU.Build.0 = Debug|Any CPU
		{DF326D40-4FF3-5882-5E3B-12CAB8578FC7}.Release|Any CPU.ActiveCfg = Release|Any CPU
		{DF326D40-4FF3-5882-5E3B-12CAB8578FC7}.Release|Any CPU.Build.0 = Release|Any CPU
		{888432FE-7688-7F5F-2216-ACAC998BCB4D}.Debug|Any CPU.ActiveCfg = Debug|Any CPU
		{888432FE-7688-7F5F-2216-ACAC998BCB4D}.Debug|Any CPU.Build.0 = Debug|Any CPU
		{888432FE-7688-7F5F-2216-ACAC998BCB4D}.Release|Any CPU.ActiveCfg = Release|Any CPU
		{888432FE-7688-7F5F-2216-ACAC998BCB4D}.Release|Any CPU.Build.0 = Release|Any CPU
	EndGlobalSection
	GlobalSection(SolutionProperties) = preSolution
		HideSolutionNode = FALSE
	EndGlobalSection
EndGlobal
